
Microsoft Visual Studio Solution File, Format Version 12.00
# Visual Studio Version 17
VisualStudioVersion = 17.10.35122.118
MinimumVisualStudioVersion = 10.0.40219.1
Project("{FAE04EC0-301F-11D3-BF4B-00C04F79EFBC}") = "Library", "Library\Library.csproj", "{AB070397-BFDE-4FCF-B966-F60839D00400}"
EndProject
Global
	GlobalSection(SolutionConfigurationPlatforms) = preSolution
		Debug|Any CPU = Debug|Any CPU
		Release|Any CPU = Release|Any CPU
	EndGlobalSection
	GlobalSection(ProjectConfigurationPlatforms) = postSolution
		{AB070397-BFDE-4FCF-B966-F60839D00400}.Debug|Any CPU.ActiveCfg = Debug|Any CPU
		{AB070397-BFDE-4FCF-B966-F60839D00400}.Debug|Any CPU.Build.0 = Debug|Any CPU
		{AB070397-BFDE-4FCF-B966-F60839D00400}.Release|Any CPU.ActiveCfg = Release|Any CPU
		{AB070397-BFDE-4FCF-B966-F60839D00400}.Release|Any CPU.Build.0 = Release|Any CPU
	EndGlobalSection
	GlobalSection(SolutionProperties) = preSolution
		HideSolutionNode = FALSE
	EndGlobalSection
	GlobalSection(ExtensibilityGlobals) = postSolution
		SolutionGuid = {3688BF35-F19A-4F32-A277-CA32EC404FDC}
	EndGlobalSection
EndGlobal
